
Microsoft Visual Studio Solution File, Format Version 12.00
# Visual Studio 15
VisualStudioVersion = 15.0.28307.168
MinimumVisualStudioVersion = 10.0.40219.1
Project("{FAE04EC0-301F-11D3-BF4B-00C04F79EFBC}") = "BookingTDD", "BookingTDD\BookingTDD.csproj", "{08A2A366-132C-4937-9644-49DBAC768D33}"
EndProject
Project("{FAE04EC0-301F-11D3-BF4B-00C04F79EFBC}") = "BookingTDD.Test", "BookingTDD.Test\BookingTDD.Test.csproj", "{4D846DFD-F695-4EA1-926C-583F9C1BF7E8}"
EndProject
Global
	GlobalSection(SolutionConfigurationPlatforms) = preSolution
		Debug|Any CPU = Debug|Any CPU
		Release|Any CPU = Release|Any CPU
	EndGlobalSection
	GlobalSection(ProjectConfigurationPlatforms) = postSolution
		{08A2A366-132C-4937-9644-49DBAC768D33}.Debug|Any CPU.ActiveCfg = Debug|Any CPU
		{08A2A366-132C-4937-9644-49DBAC768D33}.Debug|Any CPU.Build.0 = Debug|Any CPU
		{08A2A366-132C-4937-9644-49DBAC768D33}.Release|Any CPU.ActiveCfg = Release|Any CPU
		{08A2A366-132C-4937-9644-49DBAC768D33}.Release|Any CPU.Build.0 = Release|Any CPU
		{4D846DFD-F695-4EA1-926C-583F9C1BF7E8}.Debug|Any CPU.ActiveCfg = Debug|Any CPU
		{4D846DFD-F695-4EA1-926C-583F9C1BF7E8}.Debug|Any CPU.Build.0 = Debug|Any CPU
		{4D846DFD-F695-4EA1-926C-583F9C1BF7E8}.Release|Any CPU.ActiveCfg = Release|Any CPU
		{4D846DFD-F695-4EA1-926C-583F9C1BF7E8}.Release|Any CPU.Build.0 = Release|Any CPU
	EndGlobalSection
	GlobalSection(SolutionProperties) = preSolution
		HideSolutionNode = FALSE
	EndGlobalSection
	GlobalSection(ExtensibilityGlobals) = postSolution
		SolutionGuid = {51738888-350C-4757-B74C-7C2D2625C140}
	EndGlobalSection
EndGlobal
